<?xml version="1.0" encoding="utf-8"?>
<Project ToolsVersion="4.0" xmlns="http://schemas.microsoft.com/developer/msbuild/2003">
  <ItemGroup>
    <Filter Include="소스 파일">
      <UniqueIdentifier>{4FC737F1-C7A5-4376-A066-2A32D752A2FF}</UniqueIdentifier>
      <Extensions>cpp;c;cc;cxx;c++;cppm;ixx;def;odl;idl;hpj;bat;asm;asmx</Extensions>
    </Filter>
    <Filter Include="헤더 파일">
      <UniqueIdentifier>{93995380-89BD-4b04-88EB-625FBE52EBFB}</UniqueIdentifier>
      <Extensions>h;hh;hpp;hxx;h++;hm;inl;inc;ipp;xsd</Extensions>
    </Filter>
    <Filter Include="셰이더 파일">
      <UniqueIdentifier>{71dafcc5-f649-4baa-b731-5ca3d171658e}</UniqueIdentifier>
    </Filter>
    <Filter Include="텍스쳐 파일">
      <UniqueIdentifier>{67DA6AB6-F800-4c08-8B7A-83BB121AAD01}</UniqueIdentifier>
      <Extensions>rc;ico;cur;bmp;dlg;rc2;rct;bin;rgs;gif;jpg;jpeg;jpe;resx;tiff;tif;png;wav;mfcribbon-ms</Extensions>
    </Filter>
    <Filter Include="모델 파일">
      <UniqueIdentifier>{893532bc-e1bd-43b4-8c89-48b7ad564501}</UniqueIdentifier>
    </Filter>
  </ItemGroup>
  <ItemGroup>
    <ClCompile Include="main.cpp">
      <Filter>소스 파일</Filter>
    </ClCompile>
    <ClCompile Include="MyApp.cpp">
      <Filter>소스 파일</Filter>
    </ClCompile>
    <ClCompile Include="MyD3DContext.cpp">
      <Filter>소스 파일</Filter>
    </ClCompile>
    <ClCompile Include="MyImGui.cpp">
      <Filter>소스 파일</Filter>
    </ClCompile>
    <ClCompile Include="Transform.cpp">
      <Filter>소스 파일</Filter>
    </ClCompile>
    <ClCompile Include="Camera.cpp">
      <Filter>소스 파일</Filter>
    </ClCompile>
    <ClCompile Include="Time.cpp">
      <Filter>소스 파일</Filter>
    </ClCompile>
    <ClCompile Include="Mesh.cpp">
      <Filter>소스 파일</Filter>
    </ClCompile>
    <ClCompile Include="AssimpConverter.cpp">
      <Filter>소스 파일</Filter>
    </ClCompile>
    <ClCompile Include="Material.cpp">
      <Filter>소스 파일</Filter>
    </ClCompile>
    <ClCompile Include="StaticMesh.cpp">
      <Filter>소스 파일</Filter>
    </ClCompile>
    <ClCompile Include="StaticMeshRenderer.cpp">
      <Filter>소스 파일</Filter>
    </ClCompile>
    <ClCompile Include="RigidMeshRenderer.cpp">
      <Filter>소스 파일</Filter>
    </ClCompile>
    <ClCompile Include="SkinningMeshRenderer.cpp">
      <Filter>소스 파일</Filter>
    </ClCompile>
    <ClCompile Include="DebugDraw.cpp">
      <Filter>소스 파일</Filter>
    </ClCompile>
    <ClCompile Include="BVH.cpp">
      <Filter>소스 파일</Filter>
    </ClCompile>
    <ClCompile Include="MeshRenderer.cpp">
      <Filter>소스 파일</Filter>
    </ClCompile>
  </ItemGroup>
  <ItemGroup>
    <ClInclude Include="MyApp.h">
      <Filter>헤더 파일</Filter>
    </ClInclude>
    <ClInclude Include="MyD3DContext.h">
      <Filter>헤더 파일</Filter>
    </ClInclude>
    <ClInclude Include="Camera.h">
      <Filter>헤더 파일</Filter>
    </ClInclude>
    <ClInclude Include="Transform.h">
      <Filter>헤더 파일</Filter>
    </ClInclude>
    <ClInclude Include="MyImGui.h">
      <Filter>헤더 파일</Filter>
    </ClInclude>
    <ClInclude Include="Time.h">
      <Filter>헤더 파일</Filter>
    </ClInclude>
    <ClInclude Include="DebugTextRenderer.h">
      <Filter>헤더 파일</Filter>
    </ClInclude>
    <ClInclude Include="Mesh.h">
      <Filter>헤더 파일</Filter>
    </ClInclude>
    <ClInclude Include="VertexType.h">
      <Filter>헤더 파일</Filter>
    </ClInclude>
    <ClInclude Include="Material.h">
      <Filter>헤더 파일</Filter>
    </ClInclude>
    <ClInclude Include="StaticMesh.h">
      <Filter>헤더 파일</Filter>
    </ClInclude>
    <ClInclude Include="AssimpConverter.h">
      <Filter>헤더 파일</Filter>
    </ClInclude>
    <ClInclude Include="StaticMeshRenderer.h">
      <Filter>헤더 파일</Filter>
    </ClInclude>
    <ClInclude Include="RigidMeshRenderer.h">
      <Filter>헤더 파일</Filter>
    </ClInclude>
    <ClInclude Include="Animation.hpp">
      <Filter>헤더 파일</Filter>
    </ClInclude>
    <ClInclude Include="SkinningMeshRenderer.h">
      <Filter>헤더 파일</Filter>
    </ClInclude>
    <ClInclude Include="AABB.h">
      <Filter>헤더 파일</Filter>
    </ClInclude>
    <ClInclude Include="DebugDraw.h">
      <Filter>헤더 파일</Filter>
    </ClInclude>
    <ClInclude Include="BVH.h">
      <Filter>헤더 파일</Filter>
    </ClInclude>
    <ClInclude Include="IRenderable.h">
      <Filter>헤더 파일</Filter>
    </ClInclude>
    <ClInclude Include="MeshRenderer.h">
      <Filter>헤더 파일</Filter>
    </ClInclude>
  </ItemGroup>
  <ItemGroup>
    <CopyFileToFolders Include="Resources\Shaders\testVS.hlsl">
      <Filter>셰이더 파일</Filter>
    </CopyFileToFolders>
    <CopyFileToFolders Include="Resources\Shaders\testPS.hlsl">
      <Filter>셰이더 파일</Filter>
    </CopyFileToFolders>
    <CopyFileToFolders Include="Resources\Textures\negx.bmp">
      <Filter>텍스쳐 파일</Filter>
    </CopyFileToFolders>
    <CopyFileToFolders Include="Resources\Textures\negy.bmp">
      <Filter>텍스쳐 파일</Filter>
    </CopyFileToFolders>
    <CopyFileToFolders Include="Resources\Textures\negz.bmp">
      <Filter>텍스쳐 파일</Filter>
    </CopyFileToFolders>
    <CopyFileToFolders Include="Resources\Textures\posx.bmp">
      <Filter>텍스쳐 파일</Filter>
    </CopyFileToFolders>
    <CopyFileToFolders Include="Resources\Textures\posy.bmp">
      <Filter>텍스쳐 파일</Filter>
    </CopyFileToFolders>
    <CopyFileToFolders Include="Resources\Textures\posz.bmp">
      <Filter>텍스쳐 파일</Filter>
    </CopyFileToFolders>
    <CopyFileToFolders Include="Resources\Textures\skybox.dds">
      <Filter>텍스쳐 파일</Filter>
    </CopyFileToFolders>
    <CopyFileToFolders Include="Resources\Textures\seafloor.dds">
      <Filter>텍스쳐 파일</Filter>
    </CopyFileToFolders>
    <CopyFileToFolders Include="Resources\Shaders\SkyBoxPS.hlsl">
      <Filter>셰이더 파일</Filter>
    </CopyFileToFolders>
    <CopyFileToFolders Include="Resources\Shaders\SkyBoxVS.hlsl">
      <Filter>셰이더 파일</Filter>
    </CopyFileToFolders>
    <CopyFileToFolders Include="Resources\Shaders\common_inc.fxh">
      <Filter>셰이더 파일</Filter>
    </CopyFileToFolders>
    <CopyFileToFolders Include="Resources\Textures\spec_mapping.dds">
      <Filter>텍스쳐 파일</Filter>
    </CopyFileToFolders>
    <CopyFileToFolders Include="Resources\Textures\cubemap.dds">
      <Filter>텍스쳐 파일</Filter>
    </CopyFileToFolders>
    <CopyFileToFolders Include="Resources\Textures\misc_diff.png">
      <Filter>텍스쳐 파일</Filter>
    </CopyFileToFolders>
    <CopyFileToFolders Include="Resources\Textures\bark_0021.jpg">
      <Filter>텍스쳐 파일</Filter>
    </CopyFileToFolders>
    <CopyFileToFolders Include="Resources\Textures\DB2X2_L01.png">
      <Filter>텍스쳐 파일</Filter>
    </CopyFileToFolders>
    <CopyFileToFolders Include="Resources\Textures\ely-vanguardsoldier-kerwinatienza_diffuse.png">
      <Filter>텍스쳐 파일</Filter>
    </CopyFileToFolders>
    <CopyFileToFolders Include="Resources\Textures\ely-vanguardsoldier-kerwinatienza_glow.png">
      <Filter>텍스쳐 파일</Filter>
    </CopyFileToFolders>
    <CopyFileToFolders Include="Resources\Textures\ely-vanguardsoldier-kerwinatienza_normal.png">
      <Filter>텍스쳐 파일</Filter>
    </CopyFileToFolders>
    <CopyFileToFolders Include="Resources\Textures\ely-vanguardsoldier-kerwinatienza_specular.png">
      <Filter>텍스쳐 파일</Filter>
    </CopyFileToFolders>
    <CopyFileToFolders Include="Resources\Textures\eyes_diff.png">
      <Filter>텍스쳐 파일</Filter>
    </CopyFileToFolders>
    <CopyFileToFolders Include="Resources\Textures\fire_diff.png">
      <Filter>텍스쳐 파일</Filter>
    </CopyFileToFolders>
    <CopyFileToFolders Include="Resources\Textures\hair_diff.png">
      <Filter>텍스쳐 파일</Filter>
    </CopyFileToFolders>
    <CopyFileToFolders Include="Resources\Textures\zelda_diff.png">
      <Filter>텍스쳐 파일</Filter>
    </CopyFileToFolders>
    <CopyFileToFolders Include="Resources\Textures\setCave_diff.png">
      <Filter>텍스쳐 파일</Filter>
    </CopyFileToFolders>
    <CopyFileToFolders Include="Resources\Models\Character.fbx">
      <Filter>모델 파일</Filter>
    </CopyFileToFolders>
    <CopyFileToFolders Include="Resources\Models\Tree.fbx">
      <Filter>모델 파일</Filter>
    </CopyFileToFolders>
    <CopyFileToFolders Include="Resources\Models\zeldaPosed001.fbx">
      <Filter>모델 파일</Filter>
    </CopyFileToFolders>
    <CopyFileToFolders Include="Resources\Textures\normal_mapping_normal_map.dds">
      <Filter>텍스쳐 파일</Filter>
    </CopyFileToFolders>
    <CopyFileToFolders Include="..\..\D3D11_Tutorial\Documents\참고용\Resource\DB2X2_L01_Nor.png">
      <Filter>텍스쳐 파일</Filter>
    </CopyFileToFolders>
    <CopyFileToFolders Include="Resources\Textures\Lut.png">
      <Filter>텍스쳐 파일</Filter>
    </CopyFileToFolders>
    <CopyFileToFolders Include="Resources\Models\Miyu_Akey_Rigging.obj">
      <Filter>모델 파일</Filter>
    </CopyFileToFolders>
    <CopyFileToFolders Include="Resources\Textures\Character_Body.png">
      <Filter>텍스쳐 파일</Filter>
    </CopyFileToFolders>
    <CopyFileToFolders Include="Resources\Textures\Character_Face.png">
      <Filter>텍스쳐 파일</Filter>
    </CopyFileToFolders>
    <CopyFileToFolders Include="Resources\Textures\Cloth.png">
      <Filter>텍스쳐 파일</Filter>
    </CopyFileToFolders>
    <CopyFileToFolders Include="Resources\Textures\Hair.png">
      <Filter>텍스쳐 파일</Filter>
    </CopyFileToFolders>
    <CopyFileToFolders Include="Resources\Textures\Misc.png">
      <Filter>텍스쳐 파일</Filter>
    </CopyFileToFolders>
    <CopyFileToFolders Include="Resources\Textures\Weapon.png">
      <Filter>텍스쳐 파일</Filter>
    </CopyFileToFolders>
    <CopyFileToFolders Include="Resources\Models\Miyu_Akey_Rigging.mtl">
      <Filter>모델 파일</Filter>
    </CopyFileToFolders>
    <CopyFileToFolders Include="Resources\Textures\Outline.png">
      <Filter>텍스쳐 파일</Filter>
    </CopyFileToFolders>
    <CopyFileToFolders Include="Resources\Models\BoxHuman.fbx">
      <Filter>모델 파일</Filter>
    </CopyFileToFolders>
    <CopyFileToFolders Include="Resources\Models\SkinningTest.fbx">
      <Filter>모델 파일</Filter>
    </CopyFileToFolders>
    <CopyFileToFolders Include="Resources\Shaders\ShadowMapVS.hlsl">
      <Filter>셰이더 파일</Filter>
    </CopyFileToFolders>
    <CopyFileToFolders Include="Resources\Models\Ground.fbx">
      <Filter>모델 파일</Filter>
    </CopyFileToFolders>
    <CopyFileToFolders Include="Resources\Textures\floor_tile_s.png">
      <Filter>텍스쳐 파일</Filter>
    </CopyFileToFolders>
    <CopyFileToFolders Include="Resources\Textures\floor_tile_n.png">
      <Filter>텍스쳐 파일</Filter>
    </CopyFileToFolders>
    <CopyFileToFolders Include="Resources\Textures\floor_tile_a.png">
      <Filter>텍스쳐 파일</Filter>
    </CopyFileToFolders>
  </ItemGroup>
</Project>