<?xml version="1.0" encoding="utf-8"?>
<Project ToolsVersion="4.0" xmlns="http://schemas.microsoft.com/developer/msbuild/2003">
  <ItemGroup>
    <Filter Include="소스 파일">
      <UniqueIdentifier>{4FC737F1-C7A5-4376-A066-2A32D752A2FF}</UniqueIdentifier>
      <Extensions>cpp;c;cc;cxx;c++;cppm;ixx;def;odl;idl;hpj;bat;asm;asmx</Extensions>
    </Filter>
    <Filter Include="헤더 파일">
      <UniqueIdentifier>{93995380-89BD-4b04-88EB-625FBE52EBFB}</UniqueIdentifier>
      <Extensions>h;hh;hpp;hxx;h++;hm;inl;inc;ipp;xsd</Extensions>
    </Filter>
    <Filter Include="리소스 파일">
      <UniqueIdentifier>{67DA6AB6-F800-4c08-8B7A-83BB121AAD01}</UniqueIdentifier>
      <Extensions>rc;ico;cur;bmp;dlg;rc2;rct;bin;rgs;gif;jpg;jpeg;jpe;resx;tiff;tif;png;wav;mfcribbon-ms</Extensions>
    </Filter>
    <Filter Include="셰이더 파일">
      <UniqueIdentifier>{71dafcc5-f649-4baa-b731-5ca3d171658e}</UniqueIdentifier>
    </Filter>
    <Filter Include="헤더 파일\imgui">
      <UniqueIdentifier>{92275cc3-5a59-4ea5-8245-212abc93b1c1}</UniqueIdentifier>
    </Filter>
    <Filter Include="소스 파일\imgui">
      <UniqueIdentifier>{7563ab39-4e14-4b64-a1e3-29b87bbf7894}</UniqueIdentifier>
    </Filter>
    <Filter Include="소스 파일\DirectXTK">
      <UniqueIdentifier>{b081e733-e549-4942-99f4-41bf3bfd8d0d}</UniqueIdentifier>
    </Filter>
    <Filter Include="헤더 파일\DirectXTK">
      <UniqueIdentifier>{009d5aa4-3672-4a09-8a9f-5acf79f82be9}</UniqueIdentifier>
    </Filter>
  </ItemGroup>
  <ItemGroup>
    <ClCompile Include="main.cpp">
      <Filter>소스 파일</Filter>
    </ClCompile>
    <ClCompile Include="MyApp.cpp">
      <Filter>소스 파일</Filter>
    </ClCompile>
    <ClCompile Include="MyD3DContext.cpp">
      <Filter>소스 파일</Filter>
    </ClCompile>
    <ClCompile Include="imgui-1.92.2b\imgui.cpp">
      <Filter>소스 파일\imgui</Filter>
    </ClCompile>
    <ClCompile Include="imgui-1.92.2b\imgui_draw.cpp">
      <Filter>소스 파일\imgui</Filter>
    </ClCompile>
    <ClCompile Include="imgui-1.92.2b\imgui_tables.cpp">
      <Filter>소스 파일\imgui</Filter>
    </ClCompile>
    <ClCompile Include="imgui-1.92.2b\imgui_widgets.cpp">
      <Filter>소스 파일\imgui</Filter>
    </ClCompile>
    <ClCompile Include="imgui-1.92.2b\backends\imgui_impl_dx11.cpp">
      <Filter>소스 파일\imgui</Filter>
    </ClCompile>
    <ClCompile Include="imgui-1.92.2b\backends\imgui_impl_win32.cpp">
      <Filter>소스 파일\imgui</Filter>
    </ClCompile>
    <ClCompile Include="MyImGui.cpp">
      <Filter>소스 파일</Filter>
    </ClCompile>
    <ClCompile Include="DirectXTK\Src\SimpleMath.cpp">
      <Filter>소스 파일\DirectXTK</Filter>
    </ClCompile>
    <ClCompile Include="Transform.cpp">
      <Filter>소스 파일</Filter>
    </ClCompile>
    <ClCompile Include="Camera.cpp">
      <Filter>소스 파일</Filter>
    </ClCompile>
    <ClCompile Include="Time.cpp">
      <Filter>소스 파일</Filter>
    </ClCompile>
    <ClCompile Include="imgui-1.92.2b\imgui_demo.cpp">
      <Filter>소스 파일\imgui</Filter>
    </ClCompile>
  </ItemGroup>
  <ItemGroup>
    <ClInclude Include="MyApp.h">
      <Filter>헤더 파일</Filter>
    </ClInclude>
    <ClInclude Include="MyD3DContext.h">
      <Filter>헤더 파일</Filter>
    </ClInclude>
    <ClInclude Include="Camera.h">
      <Filter>헤더 파일</Filter>
    </ClInclude>
    <ClInclude Include="Transform.h">
      <Filter>헤더 파일</Filter>
    </ClInclude>
    <ClInclude Include="Mesh.h">
      <Filter>헤더 파일</Filter>
    </ClInclude>
    <ClInclude Include="imgui-1.92.2b\imconfig.h">
      <Filter>헤더 파일\imgui</Filter>
    </ClInclude>
    <ClInclude Include="imgui-1.92.2b\imgui.h">
      <Filter>헤더 파일\imgui</Filter>
    </ClInclude>
    <ClInclude Include="imgui-1.92.2b\backends\imgui_impl_dx11.h">
      <Filter>헤더 파일\imgui</Filter>
    </ClInclude>
    <ClInclude Include="imgui-1.92.2b\backends\imgui_impl_win32.h">
      <Filter>헤더 파일\imgui</Filter>
    </ClInclude>
    <ClInclude Include="MyImGui.h">
      <Filter>헤더 파일</Filter>
    </ClInclude>
    <ClInclude Include="DirectXTK\Inc\SimpleMath.h">
      <Filter>헤더 파일\DirectXTK</Filter>
    </ClInclude>
    <ClInclude Include="Time.h">
      <Filter>헤더 파일</Filter>
    </ClInclude>
  </ItemGroup>
</Project>